// !$*UTF8*$!
{
	archiveVersion = 1;
	classes = {
	};
	objectVersion = 50;
	objects = {

/* Begin PBXBuildFile section */
		3BEB4FB22574865B00ED8B07 /* AppDelegate.swift in Sources */ = {isa = PBXBuildFile; fileRef = 3BEB4FB12574865B00ED8B07 /* AppDelegate.swift */; };
		3BEB4FB42574865B00ED8B07 /* ViewController.swift in Sources */ = {isa = PBXBuildFile; fileRef = 3BEB4FB32574865B00ED8B07 /* ViewController.swift */; };
		3BEB4FB62574865D00ED8B07 /* Assets.xcassets in Resources */ = {isa = PBXBuildFile; fileRef = 3BEB4FB52574865D00ED8B07 /* Assets.xcassets */; };
		3BEB4FB92574865D00ED8B07 /* Main.storyboard in Resources */ = {isa = PBXBuildFile; fileRef = 3BEB4FB72574865D00ED8B07 /* Main.storyboard */; };
		3BEB4FCF2574883F00ED8B07 /* quickopen.framework in Frameworks */ = {isa = PBXBuildFile; fileRef = 3BEB4FC72574869F00ED8B07 /* quickopen.framework */; };
		3BEB4FD02574883F00ED8B07 /* quickopen.framework in Embed Frameworks */ = {isa = PBXBuildFile; fileRef = 3BEB4FC72574869F00ED8B07 /* quickopen.framework */; settings = {ATTRIBUTES = (CodeSignOnCopy, RemoveHeadersOnCopy, ); }; };
/* End PBXBuildFile section */

/* Begin PBXContainerItemProxy section */
		3BEB4FC62574869F00ED8B07 /* PBXContainerItemProxy */ = {
			isa = PBXContainerItemProxy;
			containerPortal = 3BEB4FC22574869F00ED8B07 /* quickopen.xcodeproj */;
			proxyType = 2;
			remoteGlobalIDString = 3B92344B2418955500364BBC;
			remoteInfo = quickopen;
		};
/* End PBXContainerItemProxy section */

/* Begin PBXCopyFilesBuildPhase section */
		3BEB4FD12574883F00ED8B07 /* Embed Frameworks */ = {
			isa = PBXCopyFilesBuildPhase;
			buildActionMask = 2147483647;
			dstPath = "";
			dstSubfolderSpec = 10;
			files = (
				3BEB4FD02574883F00ED8B07 /* quickopen.framework in Embed Frameworks */,
			);
			name = "Embed Frameworks";
			runOnlyForDeploymentPostprocessing = 0;
		};
/* End PBXCopyFilesBuildPhase section */

/* Begin PBXFileReference section */
		3BEB4FAE2574865B00ED8B07 /* QuickOpen Demo.app */ = {isa = PBXFileReference; explicitFileType = wrapper.application; includeInIndex = 0; path = "QuickOpen Demo.app"; sourceTree = BUILT_PRODUCTS_DIR; };
		3BEB4FB12574865B00ED8B07 /* AppDelegate.swift */ = {isa = PBXFileReference; lastKnownFileType = sourcecode.swift; path = AppDelegate.swift; sourceTree = "<group>"; };
		3BEB4FB32574865B00ED8B07 /* ViewController.swift */ = {isa = PBXFileReference; lastKnownFileType = sourcecode.swift; path = ViewController.swift; sourceTree = "<group>"; };
		3BEB4FB52574865D00ED8B07 /* Assets.xcassets */ = {isa = PBXFileReference; lastKnownFileType = folder.assetcatalog; path = Assets.xcassets; sourceTree = "<group>"; };
		3BEB4FB82574865D00ED8B07 /* Base */ = {isa = PBXFileReference; lastKnownFileType = file.storyboard; name = Base; path = Base.lproj/Main.storyboard; sourceTree = "<group>"; };
		3BEB4FBA2574865D00ED8B07 /* Info.plist */ = {isa = PBXFileReference; lastKnownFileType = text.plist.xml; path = Info.plist; sourceTree = "<group>"; };
		3BEB4FBB2574865D00ED8B07 /* QuickOpen_Demo.entitlements */ = {isa = PBXFileReference; lastKnownFileType = text.plist.entitlements; path = QuickOpen_Demo.entitlements; sourceTree = "<group>"; };
		3BEB4FC22574869F00ED8B07 /* quickopen.xcodeproj */ = {isa = PBXFileReference; lastKnownFileType = "wrapper.pb-project"; name = quickopen.xcodeproj; path = "quick-open/quickopen.xcodeproj"; sourceTree = "<group>"; };
/* End PBXFileReference section */

/* Begin PBXFrameworksBuildPhase section */
		3BEB4FAB2574865B00ED8B07 /* Frameworks */ = {
			isa = PBXFrameworksBuildPhase;
			buildActionMask = 2147483647;
			files = (
				3BEB4FCF2574883F00ED8B07 /* quickopen.framework in Frameworks */,
			);
			runOnlyForDeploymentPostprocessing = 0;
		};
/* End PBXFrameworksBuildPhase section */

/* Begin PBXGroup section */
		3BEB4FA52574865B00ED8B07 = {
			isa = PBXGroup;
			children = (
				3BEB4FB02574865B00ED8B07 /* QuickOpen Demo */,
				3BEB4FAF2574865B00ED8B07 /* Products */,
				3BEB4FC12574866100ED8B07 /* Submodules */,
				3BEB4FC8257486BD00ED8B07 /* Frameworks */,
			);
			sourceTree = "<group>";
		};
		3BEB4FAF2574865B00ED8B07 /* Products */ = {
			isa = PBXGroup;
			children = (
				3BEB4FAE2574865B00ED8B07 /* QuickOpen Demo.app */,
			);
			name = Products;
			sourceTree = "<group>";
		};
		3BEB4FB02574865B00ED8B07 /* QuickOpen Demo */ = {
			isa = PBXGroup;
			children = (
				3BEB4FB12574865B00ED8B07 /* AppDelegate.swift */,
				3BEB4FB32574865B00ED8B07 /* ViewController.swift */,
				3BEB4FB52574865D00ED8B07 /* Assets.xcassets */,
				3BEB4FB72574865D00ED8B07 /* Main.storyboard */,
				3BEB4FBA2574865D00ED8B07 /* Info.plist */,
				3BEB4FBB2574865D00ED8B07 /* QuickOpen_Demo.entitlements */,
			);
			path = "QuickOpen Demo";
			sourceTree = "<group>";
		};
		3BEB4FC12574866100ED8B07 /* Submodules */ = {
			isa = PBXGroup;
			children = (
				3BEB4FC22574869F00ED8B07 /* quickopen.xcodeproj */,
			);
			path = Submodules;
			sourceTree = "<group>";
		};
		3BEB4FC32574869F00ED8B07 /* Products */ = {
			isa = PBXGroup;
			children = (
				3BEB4FC72574869F00ED8B07 /* quickopen.framework */,
			);
			name = Products;
			sourceTree = "<group>";
		};
		3BEB4FC8257486BD00ED8B07 /* Frameworks */ = {
			isa = PBXGroup;
			children = (
			);
			name = Frameworks;
			sourceTree = "<group>";
		};
/* End PBXGroup section */

/* Begin PBXNativeTarget section */
		3BEB4FAD2574865B00ED8B07 /* QuickOpen Demo */ = {
			isa = PBXNativeTarget;
			buildConfigurationList = 3BEB4FBE2574865D00ED8B07 /* Build configuration list for PBXNativeTarget "QuickOpen Demo" */;
			buildPhases = (
				3BEB4FAA2574865B00ED8B07 /* Sources */,
				3BEB4FAB2574865B00ED8B07 /* Frameworks */,
				3BEB4FAC2574865B00ED8B07 /* Resources */,
				3BEB4FD12574883F00ED8B07 /* Embed Frameworks */,
			);
			buildRules = (
			);
			dependencies = (
			);
			name = "QuickOpen Demo";
			productName = "QuickOpen Demo";
			productReference = 3BEB4FAE2574865B00ED8B07 /* QuickOpen Demo.app */;
			productType = "com.apple.product-type.application";
		};
/* End PBXNativeTarget section */

/* Begin PBXProject section */
		3BEB4FA62574865B00ED8B07 /* Project object */ = {
			isa = PBXProject;
			attributes = {
				LastSwiftUpdateCheck = 1150;
				LastUpgradeCheck = 1150;
				ORGANIZATIONNAME = oscardoudou;
				TargetAttributes = {
					3BEB4FAD2574865B00ED8B07 = {
						CreatedOnToolsVersion = 11.5;
					};
				};
			};
			buildConfigurationList = 3BEB4FA92574865B00ED8B07 /* Build configuration list for PBXProject "QuickOpen Demo" */;
			compatibilityVersion = "Xcode 9.3";
			developmentRegion = en;
			hasScannedForEncodings = 0;
			knownRegions = (
				en,
				Base,
			);
			mainGroup = 3BEB4FA52574865B00ED8B07;
			productRefGroup = 3BEB4FAF2574865B00ED8B07 /* Products */;
			projectDirPath = "";
			projectReferences = (
				{
					ProductGroup = 3BEB4FC32574869F00ED8B07 /* Products */;
					ProjectRef = 3BEB4FC22574869F00ED8B07 /* quickopen.xcodeproj */;
				},
			);
			projectRoot = "";
			targets = (
				3BEB4FAD2574865B00ED8B07 /* QuickOpen Demo */,
			);
		};
/* End PBXProject section */

/* Begin PBXReferenceProxy section */
		3BEB4FC72574869F00ED8B07 /* quickopen.framework */ = {
			isa = PBXReferenceProxy;
			fileType = wrapper.framework;
			path = quickopen.framework;
			remoteRef = 3BEB4FC62574869F00ED8B07 /* PBXContainerItemProxy */;
			sourceTree = BUILT_PRODUCTS_DIR;
		};
/* End PBXReferenceProxy section */

/* Begin PBXResourcesBuildPhase section */
		3BEB4FAC2574865B00ED8B07 /* Resources */ = {
			isa = PBXResourcesBuildPhase;
			buildActionMask = 2147483647;
			files = (
				3BEB4FB62574865D00ED8B07 /* Assets.xcassets in Resources */,
				3BEB4FB92574865D00ED8B07 /* Main.storyboard in Resources */,
			);
			runOnlyForDeploymentPostprocessing = 0;
		};
/* End PBXResourcesBuildPhase section */

/* Begin PBXSourcesBuildPhase section */
		3BEB4FAA2574865B00ED8B07 /* Sources */ = {
			isa = PBXSourcesBuildPhase;
			buildActionMask = 2147483647;
			files = (
				3BEB4FB42574865B00ED8B07 /* ViewController.swift in Sources */,
				3BEB4FB22574865B00ED8B07 /* AppDelegate.swift in Sources */,
			);
			runOnlyForDeploymentPostprocessing = 0;
		};
/* End PBXSourcesBuildPhase section */

/* Begin PBXVariantGroup section */
		3BEB4FB72574865D00ED8B07 /* Main.storyboard */ = {
			isa = PBXVariantGroup;
			children = (
				3BEB4FB82574865D00ED8B07 /* Base */,
			);
			name = Main.storyboard;
			sourceTree = "<group>";
		};
/* End PBXVariantGroup section */

/* Begin XCBuildConfiguration section */
		3BEB4FBC2574865D00ED8B07 /* Debug */ = {
			isa = XCBuildConfiguration;
			buildSettings = {
				ALWAYS_SEARCH_USER_PATHS = NO;
				CLANG_ANALYZER_NONNULL = YES;
				CLANG_ANALYZER_NUMBER_OBJECT_CONVERSION = YES_AGGRESSIVE;
				CLANG_CXX_LANGUAGE_STANDARD = "gnu++14";
				CLANG_CXX_LIBRARY = "libc++";
				CLANG_ENABLE_MODULES = YES;
				CLANG_ENABLE_OBJC_ARC = YES;
				CLANG_ENABLE_OBJC_WEAK = YES;
				CLANG_WARN_BLOCK_CAPTURE_AUTORELEASING = YES;
				CLANG_WARN_BOOL_CONVERSION = YES;
				CLANG_WARN_COMMA = YES;
				CLANG_WARN_CONSTANT_CONVERSION = YES;
				CLANG_WARN_DEPRECATED_OBJC_IMPLEMENTATIONS = YES;
				CLANG_WARN_DIRECT_OBJC_ISA_USAGE = YES_ERROR;
				CLANG_WARN_DOCUMENTATION_COMMENTS = YES;
				CLANG_WARN_EMPTY_BODY = YES;
				CLANG_WARN_ENUM_CONVERSION = YES;
				CLANG_WARN_INFINITE_RECURSION = YES;
				CLANG_WARN_INT_CONVERSION = YES;
				CLANG_WARN_NON_LITERAL_NULL_CONVERSION = YES;
				CLANG_WARN_OBJC_IMPLICIT_RETAIN_SELF = YES;
				CLANG_WARN_OBJC_LITERAL_CONVERSION = YES;
				CLANG_WARN_OBJC_ROOT_CLASS = YES_ERROR;
				CLANG_WARN_RANGE_LOOP_ANALYSIS = YES;
				CLANG_WARN_STRICT_PROTOTYPES = YES;
				CLANG_WARN_SUSPICIOUS_MOVE = YES;
				CLANG_WARN_UNGUARDED_AVAILABILITY = YES_AGGRESSIVE;
				CLANG_WARN_UNREACHABLE_CODE = YES;
				CLANG_WARN__DUPLICATE_METHOD_MATCH = YES;
				COPY_PHASE_STRIP = NO;
				DEBUG_INFORMATION_FORMAT = dwarf;
				ENABLE_STRICT_OBJC_MSGSEND = YES;
				ENABLE_TESTABILITY = YES;
				GCC_C_LANGUAGE_STANDARD = gnu11;
				GCC_DYNAMIC_NO_PIC = NO;
				GCC_NO_COMMON_BLOCKS = YES;
				GCC_OPTIMIZATION_LEVEL = 0;
				GCC_PREPROCESSOR_DEFINITIONS = (
					"DEBUG=1",
					"$(inherited)",
				);
				GCC_WARN_64_TO_32_BIT_CONVERSION = YES;
				GCC_WARN_ABOUT_RETURN_TYPE = YES_ERROR;
				GCC_WARN_UNDECLARED_SELECTOR = YES;
				GCC_WARN_UNINITIALIZED_AUTOS = YES_AGGRESSIVE;
				GCC_WARN_UNUSED_FUNCTION = YES;
				GCC_WARN_UNUSED_VARIABLE = YES;
				MACOSX_DEPLOYMENT_TARGET = 10.16;
				MTL_ENABLE_DEBUG_INFO = INCLUDE_SOURCE;
				MTL_FAST_MATH = YES;
				ONLY_ACTIVE_ARCH = YES;
				SDKROOT = macosx;
				SWIFT_ACTIVE_COMPILATION_CONDITIONS = DEBUG;
				SWIFT_OPTIMIZATION_LEVEL = "-Onone";
			};
			name = Debug;
		};
		3BEB4FBD2574865D00ED8B07 /* Release */ = {
			isa = XCBuildConfiguration;
			buildSettings = {
				ALWAYS_SEARCH_USER_PATHS = NO;
				CLANG_ANALYZER_NONNULL = YES;
				CLANG_ANALYZER_NUMBER_OBJECT_CONVERSION = YES_AGGRESSIVE;
				CLANG_CXX_LANGUAGE_STANDARD = "gnu++14";
				CLANG_CXX_LIBRARY = "libc++";
				CLANG_ENABLE_MODULES = YES;
				CLANG_ENABLE_OBJC_ARC = YES;
				CLANG_ENABLE_OBJC_WEAK = YES;
				CLANG_WARN_BLOCK_CAPTURE_AUTORELEASING = YES;
				CLANG_WARN_BOOL_CONVERSION = YES;
				CLANG_WARN_COMMA = YES;
				CLANG_WARN_CONSTANT_CONVERSION = YES;
				CLANG_WARN_DEPRECATED_OBJC_IMPLEMENTATIONS = YES;
				CLANG_WARN_DIRECT_OBJC_ISA_USAGE = YES_ERROR;
				CLANG_WARN_DOCUMENTATION_COMMENTS = YES;
				CLANG_WARN_EMPTY_BODY = YES;
				CLANG_WARN_ENUM_CONVERSION = YES;
				CLANG_WARN_INFINITE_RECURSION = YES;
				CLANG_WARN_INT_CONVERSION = YES;
				CLANG_WARN_NON_LITERAL_NULL_CONVERSION = YES;
				CLANG_WARN_OBJC_IMPLICIT_RETAIN_SELF = YES;
				CLANG_WARN_OBJC_LITERAL_CONVERSION = YES;
				CLANG_WARN_OBJC_ROOT_CLASS = YES_ERROR;
				CLANG_WARN_RANGE_LOOP_ANALYSIS = YES;
				CLANG_WARN_STRICT_PROTOTYPES = YES;
				CLANG_WARN_SUSPICIOUS_MOVE = YES;
				CLANG_WARN_UNGUARDED_AVAILABILITY = YES_AGGRESSIVE;
				CLANG_WARN_UNREACHABLE_CODE = YES;
				CLANG_WARN__DUPLICATE_METHOD_MATCH = YES;
				COPY_PHASE_STRIP = NO;
				DEBUG_INFORMATION_FORMAT = "dwarf-with-dsym";
				ENABLE_NS_ASSERTIONS = NO;
				ENABLE_STRICT_OBJC_MSGSEND = YES;
				GCC_C_LANGUAGE_STANDARD = gnu11;
				GCC_NO_COMMON_BLOCKS = YES;
				GCC_WARN_64_TO_32_BIT_CONVERSION = YES;
				GCC_WARN_ABOUT_RETURN_TYPE = YES_ERROR;
				GCC_WARN_UNDECLARED_SELECTOR = YES;
				GCC_WARN_UNINITIALIZED_AUTOS = YES_AGGRESSIVE;
				GCC_WARN_UNUSED_FUNCTION = YES;
				GCC_WARN_UNUSED_VARIABLE = YES;
				MACOSX_DEPLOYMENT_TARGET = 10.16;
				MTL_ENABLE_DEBUG_INFO = NO;
				MTL_FAST_MATH = YES;
				SDKROOT = macosx;
				SWIFT_COMPILATION_MODE = wholemodule;
				SWIFT_OPTIMIZATION_LEVEL = "-O";
			};
			name = Release;
		};
		3BEB4FBF2574865D00ED8B07 /* Debug */ = {
			isa = XCBuildConfiguration;
			buildSettings = {
				ASSETCATALOG_COMPILER_APPICON_NAME = AppIcon;
				CODE_SIGN_ENTITLEMENTS = "QuickOpen Demo/QuickOpen_Demo.entitlements";
				CODE_SIGN_STYLE = Automatic;
				COMBINE_HIDPI_IMAGES = YES;
				DEVELOPMENT_TEAM = W6G7AYP4H7;
				ENABLE_HARDENED_RUNTIME = YES;
				INFOPLIST_FILE = "QuickOpen Demo/Info.plist";
				LD_RUNPATH_SEARCH_PATHS = (
					"$(inherited)",
					"@executable_path/../Frameworks",
				);
				PRODUCT_BUNDLE_IDENTIFIER = "io.oscardoudou.github.QuickOpen-Demo";
				PRODUCT_NAME = "$(TARGET_NAME)";
				SWIFT_VERSION = 5.0;
			};
			name = Debug;
		};
		3BEB4FC02574865D00ED8B07 /* Release */ = {
			isa = XCBuildConfiguration;
			buildSettings = {
				ASSETCATALOG_COMPILER_APPICON_NAME = AppIcon;
				CODE_SIGN_ENTITLEMENTS = "QuickOpen Demo/QuickOpen_Demo.entitlements";
				CODE_SIGN_STYLE = Automatic;
				COMBINE_HIDPI_IMAGES = YES;
				DEVELOPMENT_TEAM = W6G7AYP4H7;
				ENABLE_HARDENED_RUNTIME = YES;
				INFOPLIST_FILE = "QuickOpen Demo/Info.plist";
				LD_RUNPATH_SEARCH_PATHS = (
					"$(inherited)",
					"@executable_path/../Frameworks",
				);
				PRODUCT_BUNDLE_IDENTIFIER = "io.oscardoudou.github.QuickOpen-Demo";
				PRODUCT_NAME = "$(TARGET_NAME)";
				SWIFT_VERSION = 5.0;
			};
			name = Release;
		};
/* End XCBuildConfiguration section */

/* Begin XCConfigurationList section */
		3BEB4FA92574865B00ED8B07 /* Build configuration list for PBXProject "QuickOpen Demo" */ = {
			isa = XCConfigurationList;
			buildConfigurations = (
				3BEB4FBC2574865D00ED8B07 /* Debug */,
				3BEB4FBD2574865D00ED8B07 /* Release */,
			);
			defaultConfigurationIsVisible = 0;
			defaultConfigurationName = Release;
		};
		3BEB4FBE2574865D00ED8B07 /* Build configuration list for PBXNativeTarget "QuickOpen Demo" */ = {
			isa = XCConfigurationList;
			buildConfigurations = (
				3BEB4FBF2574865D00ED8B07 /* Debug */,
				3BEB4FC02574865D00ED8B07 /* Release */,
			);
			defaultConfigurationIsVisible = 0;
			defaultConfigurationName = Release;
		};
/* End XCConfigurationList section */
	};
	rootObject = 3BEB4FA62574865B00ED8B07 /* Project object */;
}
